
Microsoft Visual Studio Solution File, Format Version 12.00
# Visual Studio Version 17
VisualStudioVersion = 17.6.33829.357
MinimumVisualStudioVersion = 10.0.40219.1
Project("{FAE04EC0-301F-11D3-BF4B-00C04F79EFBC}") = "RimBuzzer", "RimBuzzer\RimBuzzer.csproj", "{83829EC8-C9C8-4CAC-B07D-936209259B1B}"
EndProject
Global
	GlobalSection(SolutionConfigurationPlatforms) = preSolution
		Debug|Any CPU = Debug|Any CPU
		Release|Any CPU = Release|Any CPU
	EndGlobalSection
	GlobalSection(ProjectConfigurationPlatforms) = postSolution
		{83829EC8-C9C8-4CAC-B07D-936209259B1B}.Debug|Any CPU.ActiveCfg = Debug|Any CPU
		{83829EC8-C9C8-4CAC-B07D-936209259B1B}.Debug|Any CPU.Build.0 = Debug|Any CPU
		{83829EC8-C9C8-4CAC-B07D-936209259B1B}.Release|Any CPU.ActiveCfg = Release|Any CPU
		{83829EC8-C9C8-4CAC-B07D-936209259B1B}.Release|Any CPU.Build.0 = Release|Any CPU
	EndGlobalSection
	GlobalSection(SolutionProperties) = preSolution
		HideSolutionNode = FALSE
	EndGlobalSection
	GlobalSection(ExtensibilityGlobals) = postSolution
		SolutionGuid = {F06ED280-DA70-4CFA-BF6D-2A0B41B64504}
	EndGlobalSection
EndGlobal
